Microsoft Visual Studio Solution File, Format Version 11.00
# Visual Studio 2008

Project("{601ED4B6-CDB1-FBD9-052E-CBEDBF63015D}") = "nuclear_incident", "Assembly-CSharp-firstpass.csproj", "{E2F4886E-AFAD-CE7B-7879-458B426984F4}"
EndProject
Project("{601ED4B6-CDB1-FBD9-052E-CBEDBF63015D}") = "nuclear_incident", "Assembly-CSharp.csproj", "{F83C1158-A51E-E8C7-81B5-BF87C5D54856}"
EndProject
Project("{601ED4B6-CDB1-FBD9-052E-CBEDBF63015D}") = "nuclear_incident", "Assembly-CSharp-Editor.csproj", "{F109FC97-3322-A4EE-20D9-BDC9AB35F6DE}"
EndProject
Global
	GlobalSection(SolutionConfigurationPlatforms) = preSolution
		Debug|Any CPU = Debug|Any CPU
		Release|Any CPU = Release|Any CPU
	EndGlobalSection
	GlobalSection(ProjectConfigurationPlatforms) = postSolution
		{E2F4886E-AFAD-CE7B-7879-458B426984F4}.Debug|Any CPU.ActiveCfg = Debug|Any CPU
		{E2F4886E-AFAD-CE7B-7879-458B426984F4}.Debug|Any CPU.Build.0 = Debug|Any CPU
		{E2F4886E-AFAD-CE7B-7879-458B426984F4}.Release|Any CPU.ActiveCfg = Release|Any CPU
		{E2F4886E-AFAD-CE7B-7879-458B426984F4}.Release|Any CPU.Build.0 = Release|Any CPU
		{F83C1158-A51E-E8C7-81B5-BF87C5D54856}.Debug|Any CPU.ActiveCfg = Debug|Any CPU
		{F83C1158-A51E-E8C7-81B5-BF87C5D54856}.Debug|Any CPU.Build.0 = Debug|Any CPU
		{F83C1158-A51E-E8C7-81B5-BF87C5D54856}.Release|Any CPU.ActiveCfg = Release|Any CPU
		{F83C1158-A51E-E8C7-81B5-BF87C5D54856}.Release|Any CPU.Build.0 = Release|Any CPU
		{F109FC97-3322-A4EE-20D9-BDC9AB35F6DE}.Debug|Any CPU.ActiveCfg = Debug|Any CPU
		{F109FC97-3322-A4EE-20D9-BDC9AB35F6DE}.Debug|Any CPU.Build.0 = Debug|Any CPU
		{F109FC97-3322-A4EE-20D9-BDC9AB35F6DE}.Release|Any CPU.ActiveCfg = Release|Any CPU
		{F109FC97-3322-A4EE-20D9-BDC9AB35F6DE}.Release|Any CPU.Build.0 = Release|Any CPU
	EndGlobalSection
	GlobalSection(SolutionProperties) = preSolution
		HideSolutionNode = FALSE
	EndGlobalSection
																																																																					GlobalSection(MonoDevelopProperties) = preSolution
		StartupItem = Assembly-CSharp.csproj
		Policies = $0
		$0.TextStylePolicy = $1
		$1.inheritsSet = null
		$1.scope = text/x-csharp
		$0.CSharpFormattingPolicy = $2
		$2.inheritsSet = Mono
		$2.inheritsScope = text/x-csharp
		$2.scope = text/x-csharp
		$0.TextStylePolicy = $3
		$3.FileWidth = 120
		$3.TabWidth = 4
		$3.IndentWidth = 4
		$3.EolMarker = Unix
		$3.inheritsSet = Mono
		$3.inheritsScope = text/plain
		$3.scope = text/plain
	EndGlobalSection

EndGlobal
